
Microsoft Visual Studio Solution File, Format Version 12.00
# Visual Studio Version 17
VisualStudioVersion = 17.2.32616.157
MinimumVisualStudioVersion = 10.0.40219.1
Project("{F184B08F-C81C-45F6-A57F-5ABD9991F28F}") = "launch_mod", "launch_mod\launch_mod.vbproj", "{EE13F172-B16F-43DD-BA4C-CD41EFCBF7FB}"
EndProject
Global
	GlobalSection(SolutionConfigurationPlatforms) = preSolution
		Debug|Any CPU = Debug|Any CPU
		Release|Any CPU = Release|Any CPU
	EndGlobalSection
	GlobalSection(ProjectConfigurationPlatforms) = postSolution
		{EE13F172-B16F-43DD-BA4C-CD41EFCBF7FB}.Debug|Any CPU.ActiveCfg = Debug|Any CPU
		{EE13F172-B16F-43DD-BA4C-CD41EFCBF7FB}.Debug|Any CPU.Build.0 = Debug|Any CPU
		{EE13F172-B16F-43DD-BA4C-CD41EFCBF7FB}.Release|Any CPU.ActiveCfg = Release|Any CPU
		{EE13F172-B16F-43DD-BA4C-CD41EFCBF7FB}.Release|Any CPU.Build.0 = Release|Any CPU
	EndGlobalSection
	GlobalSection(SolutionProperties) = preSolution
		HideSolutionNode = FALSE
	EndGlobalSection
	GlobalSection(ExtensibilityGlobals) = postSolution
		SolutionGuid = {8ACCCF99-89C3-4ABE-BE0F-A0C06129A71D}
	EndGlobalSection
EndGlobal
